# THIS IS AN AUTOGENERATED FILE. DO NOT EDIT THIS FILE DIRECTLY.
# yarn lockfile v1


"@openzeppelin/contracts@^4.3.1":
  "integrity" "sha512-QjgbPPlmDK2clK1hzjw2ROfY8KA5q+PfhDUUxZFEBCZP9fi6d5FuNoh/Uq0oCTMEKPmue69vhX2jcl0N/tFKGw=="
  "resolved" "https://registry.npmjs.org/@openzeppelin/contracts/-/contracts-4.3.1.tgz"
  "version" "4.3.1"

"all@^0.0.0":
  "integrity" "sha1-+yqnXUdZ1A457LsRj6vwzBH/VU8="
  "resolved" "https://registry.npmjs.org/all/-/all-0.0.0.tgz"
  "version" "0.0.0"
